
Microsoft Visual Studio Solution File, Format Version 12.00
# Visual Studio Version 17
VisualStudioVersion = 17.2.32526.322
MinimumVisualStudioVersion = 10.0.40219.1
Project("{FAE04EC0-301F-11D3-BF4B-00C04F79EFBC}") = "NoteApi", "NoteApi\NoteApi.csproj", "{0DD4BA4E-74F0-4D9E-A489-CE999CEBDD40}"
EndProject
Global
	GlobalSection(SolutionConfigurationPlatforms) = preSolution
		Debug|Any CPU = Debug|Any CPU
		Release|Any CPU = Release|Any CPU
	EndGlobalSection
	GlobalSection(ProjectConfigurationPlatforms) = postSolution
		{0DD4BA4E-74F0-4D9E-A489-CE999CEBDD40}.Debug|Any CPU.ActiveCfg = Debug|Any CPU
		{0DD4BA4E-74F0-4D9E-A489-CE999CEBDD40}.Debug|Any CPU.Build.0 = Debug|Any CPU
		{0DD4BA4E-74F0-4D9E-A489-CE999CEBDD40}.Release|Any CPU.ActiveCfg = Release|Any CPU
		{0DD4BA4E-74F0-4D9E-A489-CE999CEBDD40}.Release|Any CPU.Build.0 = Release|Any CPU
	EndGlobalSection
	GlobalSection(SolutionProperties) = preSolution
		HideSolutionNode = FALSE
	EndGlobalSection
	GlobalSection(ExtensibilityGlobals) = postSolution
		SolutionGuid = {DAB563F3-50D3-4BB9-BC31-BFA385CCF548}
	EndGlobalSection
EndGlobal
